
Microsoft Visual Studio Solution File, Format Version 12.00
# Visual Studio Version 17
VisualStudioVersion = 17.0.31808.319
MinimumVisualStudioVersion = 10.0.40219.1
Project("{9A19103F-16F7-4668-BE54-9A1E7A4F7556}") = "FSModDe-Compiler", "FSModDe-Compiler\FSModDe-Compiler.csproj", "{7AD9FAE5-0278-4D0A-B7CB-0C02345D0D23}"
EndProject
Project("{9A19103F-16F7-4668-BE54-9A1E7A4F7556}") = "SoulsFormats", "SoulsFormats\SoulsFormats.csproj", "{6245372B-9F00-40D3-B657-7AEFB7BD8CA0}"
EndProject
Global
	GlobalSection(SolutionConfigurationPlatforms) = preSolution
		Debug|Any CPU = Debug|Any CPU
		Debug|x64 = Debug|x64
		Release|Any CPU = Release|Any CPU
		Release|x64 = Release|x64
	EndGlobalSection
	GlobalSection(ProjectConfigurationPlatforms) = postSolution
		{7AD9FAE5-0278-4D0A-B7CB-0C02345D0D23}.Debug|Any CPU.ActiveCfg = Debug|Any CPU
		{7AD9FAE5-0278-4D0A-B7CB-0C02345D0D23}.Debug|Any CPU.Build.0 = Debug|Any CPU
		{7AD9FAE5-0278-4D0A-B7CB-0C02345D0D23}.Debug|x64.ActiveCfg = Debug|Any CPU
		{7AD9FAE5-0278-4D0A-B7CB-0C02345D0D23}.Debug|x64.Build.0 = Debug|Any CPU
		{7AD9FAE5-0278-4D0A-B7CB-0C02345D0D23}.Release|Any CPU.ActiveCfg = Release|Any CPU
		{7AD9FAE5-0278-4D0A-B7CB-0C02345D0D23}.Release|Any CPU.Build.0 = Release|Any CPU
		{7AD9FAE5-0278-4D0A-B7CB-0C02345D0D23}.Release|x64.ActiveCfg = Release|Any CPU
		{7AD9FAE5-0278-4D0A-B7CB-0C02345D0D23}.Release|x64.Build.0 = Release|Any CPU
		{6245372B-9F00-40D3-B657-7AEFB7BD8CA0}.Debug|Any CPU.ActiveCfg = Debug|Any CPU
		{6245372B-9F00-40D3-B657-7AEFB7BD8CA0}.Debug|Any CPU.Build.0 = Debug|Any CPU
		{6245372B-9F00-40D3-B657-7AEFB7BD8CA0}.Debug|x64.ActiveCfg = Debug|Any CPU
		{6245372B-9F00-40D3-B657-7AEFB7BD8CA0}.Debug|x64.Build.0 = Debug|Any CPU
		{6245372B-9F00-40D3-B657-7AEFB7BD8CA0}.Release|Any CPU.ActiveCfg = Release|Any CPU
		{6245372B-9F00-40D3-B657-7AEFB7BD8CA0}.Release|Any CPU.Build.0 = Release|Any CPU
		{6245372B-9F00-40D3-B657-7AEFB7BD8CA0}.Release|x64.ActiveCfg = Release|Any CPU
		{6245372B-9F00-40D3-B657-7AEFB7BD8CA0}.Release|x64.Build.0 = Release|Any CPU
	EndGlobalSection
	GlobalSection(SolutionProperties) = preSolution
		HideSolutionNode = FALSE
	EndGlobalSection
	GlobalSection(ExtensibilityGlobals) = postSolution
		SolutionGuid = {84A422C2-0A14-4D51-B780-D85A2EDD9861}
	EndGlobalSection
EndGlobal
